
Microsoft Visual Studio Solution File, Format Version 12.00
# Visual Studio Version 16
VisualStudioVersion = 16.0.29006.145
MinimumVisualStudioVersion = 10.0.40219.1
Project("{2150E333-8FDC-42A3-9474-1A3956D46DE8}") = "src", "src", "{6DC27E35-76A1-4DB4-9A43-BEA952B688E8}"
EndProject
Project("{9A19103F-16F7-4668-BE54-9A1E7A4F7556}") = "PooledAwait", "src\PooledAwait\PooledAwait.csproj", "{140C1306-3443-4F45-B132-27197EB4D146}"
EndProject
Project("{2150E333-8FDC-42A3-9474-1A3956D46DE8}") = "Solution Items", "Solution Items", "{04573B33-34F0-429A-AC95-376A9D819666}"
	ProjectSection(SolutionItems) = preProject
		.gitignore = .gitignore
		Directory.Build.props = Directory.Build.props
		nuget.config = nuget.config
		readme.md = readme.md
	EndProjectSection
EndProject
Project("{2150E333-8FDC-42A3-9474-1A3956D46DE8}") = "tests", "tests", "{AF54CE9C-B78F-4023-8A66-367509185F67}"
EndProject
Project("{FAE04EC0-301F-11D3-BF4B-00C04F79EFBC}") = "Benchmark", "Benchmark\Benchmark.csproj", "{690D6F83-F776-482A-98EF-0DA863938C17}"
EndProject
Global
	GlobalSection(SolutionConfigurationPlatforms) = preSolution
		Debug|Any CPU = Debug|Any CPU
		Release|Any CPU = Release|Any CPU
	EndGlobalSection
	GlobalSection(ProjectConfigurationPlatforms) = postSolution
		{140C1306-3443-4F45-B132-27197EB4D146}.Debug|Any CPU.ActiveCfg = Debug|Any CPU
		{140C1306-3443-4F45-B132-27197EB4D146}.Debug|Any CPU.Build.0 = Debug|Any CPU
		{140C1306-3443-4F45-B132-27197EB4D146}.Release|Any CPU.ActiveCfg = Release|Any CPU
		{140C1306-3443-4F45-B132-27197EB4D146}.Release|Any CPU.Build.0 = Release|Any CPU
		{690D6F83-F776-482A-98EF-0DA863938C17}.Debug|Any CPU.ActiveCfg = Debug|Any CPU
		{690D6F83-F776-482A-98EF-0DA863938C17}.Debug|Any CPU.Build.0 = Debug|Any CPU
		{690D6F83-F776-482A-98EF-0DA863938C17}.Release|Any CPU.ActiveCfg = Release|Any CPU
		{690D6F83-F776-482A-98EF-0DA863938C17}.Release|Any CPU.Build.0 = Release|Any CPU
	EndGlobalSection
	GlobalSection(SolutionProperties) = preSolution
		HideSolutionNode = FALSE
	EndGlobalSection
	GlobalSection(NestedProjects) = preSolution
		{140C1306-3443-4F45-B132-27197EB4D146} = {6DC27E35-76A1-4DB4-9A43-BEA952B688E8}
		{690D6F83-F776-482A-98EF-0DA863938C17} = {AF54CE9C-B78F-4023-8A66-367509185F67}
	EndGlobalSection
	GlobalSection(ExtensibilityGlobals) = postSolution
		SolutionGuid = {3DCCF6DC-DEB4-48FB-BD2E-2FBC48C054EC}
	EndGlobalSection
EndGlobal
